
Microsoft Visual Studio Solution File, Format Version 12.00
# Visual Studio Version 17
VisualStudioVersion = 17.7.34221.43
MinimumVisualStudioVersion = 10.0.40219.1
Project("{FAE04EC0-301F-11D3-BF4B-00C04F79EFBC}") = "SWAD", "SWAD\SWAD.csproj", "{17A2C5F7-9B0B-48AA-93E0-B079073266F4}"
EndProject
Global
	GlobalSection(SolutionConfigurationPlatforms) = preSolution
		Debug|Any CPU = Debug|Any CPU
		Release|Any CPU = Release|Any CPU
	EndGlobalSection
	GlobalSection(ProjectConfigurationPlatforms) = postSolution
		{17A2C5F7-9B0B-48AA-93E0-B079073266F4}.Debug|Any CPU.ActiveCfg = Debug|Any CPU
		{17A2C5F7-9B0B-48AA-93E0-B079073266F4}.Debug|Any CPU.Build.0 = Debug|Any CPU
		{17A2C5F7-9B0B-48AA-93E0-B079073266F4}.Release|Any CPU.ActiveCfg = Release|Any CPU
		{17A2C5F7-9B0B-48AA-93E0-B079073266F4}.Release|Any CPU.Build.0 = Release|Any CPU
	EndGlobalSection
	GlobalSection(SolutionProperties) = preSolution
		HideSolutionNode = FALSE
	EndGlobalSection
	GlobalSection(ExtensibilityGlobals) = postSolution
		SolutionGuid = {DD4E5C19-852D-4FD2-BD0E-1E197AC45730}
	EndGlobalSection
EndGlobal
